
Microsoft Visual Studio Solution File, Format Version 12.00
# Visual Studio Version 17
VisualStudioVersion = 17.6.33712.159
MinimumVisualStudioVersion = 10.0.40219.1
Project("{FAE04EC0-301F-11D3-BF4B-00C04F79EFBC}") = "Example.WebApi", "Example.WebApi\Example.WebApi.csproj", "{B4EBC632-CEA5-42A7-B600-558AEB52164D}"
EndProject
Global
	GlobalSection(SolutionConfigurationPlatforms) = preSolution
		Debug|Any CPU = Debug|Any CPU
		Release|Any CPU = Release|Any CPU
	EndGlobalSection
	GlobalSection(ProjectConfigurationPlatforms) = postSolution
		{B4EBC632-CEA5-42A7-B600-558AEB52164D}.Debug|Any CPU.ActiveCfg = Debug|Any CPU
		{B4EBC632-CEA5-42A7-B600-558AEB52164D}.Debug|Any CPU.Build.0 = Debug|Any CPU
		{B4EBC632-CEA5-42A7-B600-558AEB52164D}.Release|Any CPU.ActiveCfg = Release|Any CPU
		{B4EBC632-CEA5-42A7-B600-558AEB52164D}.Release|Any CPU.Build.0 = Release|Any CPU
	EndGlobalSection
	GlobalSection(SolutionProperties) = preSolution
		HideSolutionNode = FALSE
	EndGlobalSection
	GlobalSection(ExtensibilityGlobals) = postSolution
		SolutionGuid = {B761EA04-84B5-43C6-AA2D-8FB12488EA82}
	EndGlobalSection
EndGlobal
